
Microsoft Visual Studio Solution File, Format Version 12.00
# Visual Studio Version 17
VisualStudioVersion = 17.11.35303.130
MinimumVisualStudioVersion = 10.0.40219.1
Project("{FAE04EC0-301F-11D3-BF4B-00C04F79EFBC}") = "learn-rag-monorepo.Server", "learn-rag-monorepo.Server\learn-rag-monorepo.Server.csproj", "{FAB1C6E7-94A8-4280-94CD-1D03B525C403}"
EndProject
Project("{54A90642-561A-4BB1-A94E-469ADEE60C69}") = "learn-rag-monorepo.client", "learn-rag-monorepo.client\learn-rag-monorepo.client.esproj", "{B36CA816-0616-484A-AA3D-42A530E0690C}"
EndProject
Global
	GlobalSection(SolutionConfigurationPlatforms) = preSolution
		Debug|Any CPU = Debug|Any CPU
		Release|Any CPU = Release|Any CPU
	EndGlobalSection
	GlobalSection(ProjectConfigurationPlatforms) = postSolution
		{FAB1C6E7-94A8-4280-94CD-1D03B525C403}.Debug|Any CPU.ActiveCfg = Debug|Any CPU
		{FAB1C6E7-94A8-4280-94CD-1D03B525C403}.Debug|Any CPU.Build.0 = Debug|Any CPU
		{FAB1C6E7-94A8-4280-94CD-1D03B525C403}.Release|Any CPU.ActiveCfg = Release|Any CPU
		{FAB1C6E7-94A8-4280-94CD-1D03B525C403}.Release|Any CPU.Build.0 = Release|Any CPU
		{B36CA816-0616-484A-AA3D-42A530E0690C}.Debug|Any CPU.ActiveCfg = Debug|Any CPU
		{B36CA816-0616-484A-AA3D-42A530E0690C}.Debug|Any CPU.Build.0 = Debug|Any CPU
		{B36CA816-0616-484A-AA3D-42A530E0690C}.Debug|Any CPU.Deploy.0 = Debug|Any CPU
		{B36CA816-0616-484A-AA3D-42A530E0690C}.Release|Any CPU.ActiveCfg = Release|Any CPU
		{B36CA816-0616-484A-AA3D-42A530E0690C}.Release|Any CPU.Build.0 = Release|Any CPU
		{B36CA816-0616-484A-AA3D-42A530E0690C}.Release|Any CPU.Deploy.0 = Release|Any CPU
	EndGlobalSection
	GlobalSection(SolutionProperties) = preSolution
		HideSolutionNode = FALSE
	EndGlobalSection
	GlobalSection(ExtensibilityGlobals) = postSolution
		SolutionGuid = {6E6F2C0D-3181-4E0D-A80A-8102577829FA}
	EndGlobalSection
EndGlobal
